{
  "requires": true,
  "lockfileVersion": 1,
  "dependencies": {
    "@types/web-bluetooth": {
      "version": "0.0.4",
      "resolved": "https://registry.npmjs.org/@types/web-bluetooth/-/web-bluetooth-0.0.4.tgz",
      "integrity": "sha512-C+BgVBBGY9c6ixcc5PsKAmGaCy3bswZ5zx/AWIAik9dgFuBkFsXBA3ze69jJi05xdZQ99QkfBSVIX6zl+6Tmww=="
    }
  }
}
